
Microsoft Visual Studio Solution File, Format Version 10.00
# Visual C++ Express 2008
Project("{8BC9CEB8-8B4A-11D0-8D11-00A0C91BC942}") = "e6", "e6\e6.vcproj", "{36BF307C-46D2-4AB3-8E11-4E1ED3722F31}"
EndProject
Project("{8BC9CEB8-8B4A-11D0-8D11-00A0C91BC942}") = "Core", "Core\Core.vcproj", "{36BF307C-46D2-4AB3-8E11-4E1ED33722F3}"
	ProjectSection(ProjectDependencies) = postProject
		{36BF307C-46D2-4AB3-8E11-4E1ED3722F31} = {36BF307C-46D2-4AB3-8E11-4E1ED3722F31}
	EndProjectSection
EndProject
Project("{8BC9CEB8-8B4A-11D0-8D11-00A0C91BC942}") = "Audio", "Audio\Audio.vcproj", "{072397CC-C0D0-4FB9-A767-43ABAC3C6523}"
	ProjectSection(ProjectDependencies) = postProject
		{36BF307C-46D2-4AB3-8E11-4E1ED3722F31} = {36BF307C-46D2-4AB3-8E11-4E1ED3722F31}
	EndProjectSection
EndProject
Project("{8BC9CEB8-8B4A-11D0-8D11-00A0C91BC942}") = "RendererDx9", "RendererDx9\RendererDx9.vcproj", "{AC0426D3-677F-4EA4-8EC2-C09419477C56}"
EndProject
Project("{8BC9CEB8-8B4A-11D0-8D11-00A0C91BC942}") = "RendererGL", "RendererGL\RendererGL.vcproj", "{F0C1D64F-9627-4A5F-8365-779DFBF15F4B}"
EndProject
Project("{8BC9CEB8-8B4A-11D0-8D11-00A0C91BC942}") = "Physics", "Physics\Physics.vcproj", "{C9D1199F-EA00-4FD2-B510-A80160230F1F}"
EndProject
Project("{8BC9CEB8-8B4A-11D0-8D11-00A0C91BC942}") = "TimeLine", "TimeLine\TimeLine.vcproj", "{8224CB09-3C73-4B3D-A8B0-108ED0BA14CF}"
	ProjectSection(ProjectDependencies) = postProject
		{36BF307C-46D2-4AB3-8E11-4E1ED3722F31} = {36BF307C-46D2-4AB3-8E11-4E1ED3722F31}
	EndProjectSection
EndProject
Project("{8BC9CEB8-8B4A-11D0-8D11-00A0C91BC942}") = "Midi", "Midi\Midi.vcproj", "{16031917-9A3F-4F72-9CEE-A2BE26E7668B}"
	ProjectSection(ProjectDependencies) = postProject
		{36BF307C-46D2-4AB3-8E11-4E1ED3722F31} = {36BF307C-46D2-4AB3-8E11-4E1ED3722F31}
	EndProjectSection
EndProject
Project("{8BC9CEB8-8B4A-11D0-8D11-00A0C91BC942}") = "ClientGui", "ClientGui\ClientGui.vcproj", "{6516D4A5-AFD3-4B15-B2AC-2B700C482DD5}"
	ProjectSection(ProjectDependencies) = postProject
		{36BF307C-46D2-4AB3-8E11-4E1ED3722F31} = {36BF307C-46D2-4AB3-8E11-4E1ED3722F31}
	EndProjectSection
EndProject
Project("{8BC9CEB8-8B4A-11D0-8D11-00A0C91BC942}") = "Importe6", "Importe6\Importe6.vcproj", "{EAE95234-0ED5-4452-BAB0-B5232525EC98}"
EndProject
Project("{8BC9CEB8-8B4A-11D0-8D11-00A0C91BC942}") = "Exportbmp", "Exportbmp\Exportbmp.vcproj", "{CC88A965-E41D-480E-AFFD-437C44C872AF}"
EndProject
Project("{8BC9CEB8-8B4A-11D0-8D11-00A0C91BC942}") = "Exporte6", "Exporte6\Exporte6.vcproj", "{55D07A3C-2CF6-4397-88F4-BA806F01C7F6}"
	ProjectSection(ProjectDependencies) = postProject
		{36BF307C-46D2-4AB3-8E11-4E1ED33722F3} = {36BF307C-46D2-4AB3-8E11-4E1ED33722F3}
		{36BF307C-46D2-4AB3-8E11-4E1ED3722F31} = {36BF307C-46D2-4AB3-8E11-4E1ED3722F31}
	EndProjectSection
EndProject
Project("{8BC9CEB8-8B4A-11D0-8D11-00A0C91BC942}") = "Import3ds", "Import3ds\Import3ds.vcproj", "{A4A692F9-14F0-4D47-89EF-4E228504EA18}"
EndProject
Project("{8BC9CEB8-8B4A-11D0-8D11-00A0C91BC942}") = "Importbmp", "Importbmp\Importbmp.vcproj", "{AB6D8B3E-4E43-4862-A454-BD6E3C141AA6}"
EndProject
Project("{8BC9CEB8-8B4A-11D0-8D11-00A0C91BC942}") = "Importpng", "Importpng\Importpng.vcproj", "{7EB1F4CE-6BB2-4616-8D8B-5AF3395D5986}"
	ProjectSection(ProjectDependencies) = postProject
		{36BF307C-46D2-4AB3-8E11-4E1ED3722F31} = {36BF307C-46D2-4AB3-8E11-4E1ED3722F31}
	EndProjectSection
EndProject
Project("{8BC9CEB8-8B4A-11D0-8D11-00A0C91BC942}") = "ScriptSquirrel", "ScriptSquirrel\ScriptSquirrel.vcproj", "{90737544-F413-4404-9B23-61C8ED4B9105}"
EndProject
Project("{8BC9CEB8-8B4A-11D0-8D11-00A0C91BC942}") = "Main", "Main\Main.vcproj", "{9153B18E-C11B-4DBA-9B45-630F4A7B6C10}"
EndProject
Project("{8BC9CEB8-8B4A-11D0-8D11-00A0C91BC942}") = "Importhlsl", "Importhlsl\Importhlsl.vcproj", "{74B3F022-2F75-4B73-8B76-B68AEF0CAF29}"
EndProject
Project("{8BC9CEB8-8B4A-11D0-8D11-00A0C91BC942}") = "Video", "Video\Video.vcproj", "{D47EA44E-DFF9-41CF-A0F4-076CA11D7FC5}"
EndProject
Project("{8BC9CEB8-8B4A-11D0-8D11-00A0C91BC942}") = "Test", "Main\Test.vcproj", "{9153B18E-C12B-4DBA-9B45-630F4A7B6C10}"
EndProject
Project("{8BC9CEB8-8B4A-11D0-8D11-00A0C91BC942}") = "Importdds", "Importdds\Importdds.vcproj", "{4C935DFE-67C9-4687-9385-B0E330BD64AF}"
EndProject
Project("{8BC9CEB8-8B4A-11D0-8D11-00A0C91BC942}") = "ScriptLua", "ScriptLua\ScriptLua.vcproj", "{1B3995EA-3039-4F37-BC61-FF35D3638EE1}"
EndProject
Project("{8BC9CEB8-8B4A-11D0-8D11-00A0C91BC942}") = "ScriptGameMonkey", "ScriptGameMonkey\ScriptGameMonkey.vcproj", "{8D2B41CD-5D36-4E28-99D5-76B69E0FA46B}"
EndProject
Project("{8BC9CEB8-8B4A-11D0-8D11-00A0C91BC942}") = "RendererDx10", "RendererDx10\RendererDx10.vcproj", "{459BF239-2518-4117-B98F-9598206E7E27}"
EndProject
Project("{8BC9CEB8-8B4A-11D0-8D11-00A0C91BC942}") = "Net", "Net\Net.vcproj", "{DF96DE19-EC5F-48B3-9759-4B034128D55A}"
EndProject
Project("{8BC9CEB8-8B4A-11D0-8D11-00A0C91BC942}") = "DataBaseSqlite", "DataBaseSqlite\DataBaseSqlite.vcproj", "{7E58DED7-2DE4-4E3C-935B-A531040F0A67}"
EndProject
Project("{8BC9CEB8-8B4A-11D0-8D11-00A0C91BC942}") = "DataBaseMysql", "DataBaseMysql\DataBaseMysql.vcproj", "{6DD74F37-75CC-4CFA-8E65-723DF3151D3C}"
EndProject
Project("{8BC9CEB8-8B4A-11D0-8D11-00A0C91BC942}") = "Importglsl", "Importglsl\Importglsl.vcproj", "{F0471FAC-916C-4320-9C8E-EFEF85B5B61E}"
EndProject
Project("{8BC9CEB8-8B4A-11D0-8D11-00A0C91BC942}") = "ScriptPython", "ScriptPython\ScriptPython.vcproj", "{6D602845-89EA-4462-918B-63F7A4B38825}"
EndProject
Project("{8BC9CEB8-8B4A-11D0-8D11-00A0C91BC942}") = "Application", "Application\Application.vcproj", "{D91DB8B1-2528-4853-885C-3D50BE585857}"
EndProject
Project("{8BC9CEB8-8B4A-11D0-8D11-00A0C91BC942}") = "xml", "xml\xml.vcproj", "{83F47FE5-9355-4A76-BA49-B480AD5C384E}"
EndProject
Project("{8BC9CEB8-8B4A-11D0-8D11-00A0C91BC942}") = "SerialPort", "SerialPort\SerialPort.vcproj", "{DC74D029-6954-4CEC-945E-4CD73165F6DF}"
EndProject
Project("{8BC9CEB8-8B4A-11D0-8D11-00A0C91BC942}") = "RendererSoft", "RendererSoft\RendererSoft.vcproj", "{C736ACD6-7634-42EE-82F8-16444C4E94C4}"
EndProject
Project("{8BC9CEB8-8B4A-11D0-8D11-00A0C91BC942}") = "ScriptTcl", "ScriptTcl\ScriptTcl.vcproj", "{D60A37E9-5CF0-4236-AAC6-62B9AC872D1F}"
EndProject
Project("{8BC9CEB8-8B4A-11D0-8D11-00A0C91BC942}") = "ScriptJS", "ScriptJS\ScriptJS.vcproj", "{A2B851D3-EBDD-4053-AF15-392A0695AACE}"
EndProject
Project("{8BC9CEB8-8B4A-11D0-8D11-00A0C91BC942}") = "Cubase", "cubase\cubase.vcproj", "{C57F9773-C961-442F-9CDE-D35BC056F78B}"
EndProject
Project("{8BC9CEB8-8B4A-11D0-8D11-00A0C91BC942}") = "Speech", "Speech\Speech.vcproj", "{ED4C0F98-7D3A-4FD1-89E9-40E192BBEA40}"
EndProject
Project("{8BC9CEB8-8B4A-11D0-8D11-00A0C91BC942}") = "ScriptIo", "ScriptIo\ScriptIo.vcproj", "{36A3F778-7DD2-4036-9E4A-B5ABE0AE28F4}"
EndProject
Project("{8BC9CEB8-8B4A-11D0-8D11-00A0C91BC942}") = "Vfs", "Vfs\Vfs.vcproj", "{EAA84D37-138C-44AC-A6CE-226936701143}"
EndProject
Project("{8BC9CEB8-8B4A-11D0-8D11-00A0C91BC942}") = "DataBaseOdbc", "DataBaseOdbc\DataBaseOdbc.vcproj", "{CFC72C78-4108-4529-A3C5-E99C4A25016A}"
EndProject
Project("{8BC9CEB8-8B4A-11D0-8D11-00A0C91BC942}") = "DataBasePostgres", "DataBasePostgres\DataBasePostgres.vcproj", "{4B71168D-9EA6-4360-AE6C-810E7D8C04B9}"
EndProject
Project("{8BC9CEB8-8B4A-11D0-8D11-00A0C91BC942}") = "ScriptV8", "ScriptV8\ScriptV8.vcproj", "{E8E8AFD1-55A2-424F-9A7F-0F7A0B373E2F}"
EndProject
Global
	GlobalSection(SolutionConfigurationPlatforms) = preSolution
		Debug|Win32 = Debug|Win32
		Release|Win32 = Release|Win32
	EndGlobalSection
	GlobalSection(ProjectConfigurationPlatforms) = postSolution
		{36BF307C-46D2-4AB3-8E11-4E1ED3722F31}.Debug|Win32.ActiveCfg = Debug|Win32
		{36BF307C-46D2-4AB3-8E11-4E1ED3722F31}.Debug|Win32.Build.0 = Debug|Win32
		{36BF307C-46D2-4AB3-8E11-4E1ED3722F31}.Release|Win32.ActiveCfg = Release|Win32
		{36BF307C-46D2-4AB3-8E11-4E1ED3722F31}.Release|Win32.Build.0 = Release|Win32
		{36BF307C-46D2-4AB3-8E11-4E1ED33722F3}.Debug|Win32.ActiveCfg = Debug|Win32
		{36BF307C-46D2-4AB3-8E11-4E1ED33722F3}.Debug|Win32.Build.0 = Debug|Win32
		{36BF307C-46D2-4AB3-8E11-4E1ED33722F3}.Release|Win32.ActiveCfg = Release|Win32
		{36BF307C-46D2-4AB3-8E11-4E1ED33722F3}.Release|Win32.Build.0 = Release|Win32
		{072397CC-C0D0-4FB9-A767-43ABAC3C6523}.Debug|Win32.ActiveCfg = Debug|Win32
		{072397CC-C0D0-4FB9-A767-43ABAC3C6523}.Debug|Win32.Build.0 = Debug|Win32
		{072397CC-C0D0-4FB9-A767-43ABAC3C6523}.Release|Win32.ActiveCfg = Release|Win32
		{072397CC-C0D0-4FB9-A767-43ABAC3C6523}.Release|Win32.Build.0 = Release|Win32
		{AC0426D3-677F-4EA4-8EC2-C09419477C56}.Debug|Win32.ActiveCfg = Debug|Win32
		{AC0426D3-677F-4EA4-8EC2-C09419477C56}.Debug|Win32.Build.0 = Debug|Win32
		{AC0426D3-677F-4EA4-8EC2-C09419477C56}.Release|Win32.ActiveCfg = Release|Win32
		{AC0426D3-677F-4EA4-8EC2-C09419477C56}.Release|Win32.Build.0 = Release|Win32
		{F0C1D64F-9627-4A5F-8365-779DFBF15F4B}.Debug|Win32.ActiveCfg = Debug|Win32
		{F0C1D64F-9627-4A5F-8365-779DFBF15F4B}.Debug|Win32.Build.0 = Debug|Win32
		{F0C1D64F-9627-4A5F-8365-779DFBF15F4B}.Release|Win32.ActiveCfg = Release|Win32
		{F0C1D64F-9627-4A5F-8365-779DFBF15F4B}.Release|Win32.Build.0 = Release|Win32
		{C9D1199F-EA00-4FD2-B510-A80160230F1F}.Debug|Win32.ActiveCfg = Debug|Win32
		{C9D1199F-EA00-4FD2-B510-A80160230F1F}.Debug|Win32.Build.0 = Debug|Win32
		{C9D1199F-EA00-4FD2-B510-A80160230F1F}.Release|Win32.ActiveCfg = Release|Win32
		{C9D1199F-EA00-4FD2-B510-A80160230F1F}.Release|Win32.Build.0 = Release|Win32
		{8224CB09-3C73-4B3D-A8B0-108ED0BA14CF}.Debug|Win32.ActiveCfg = Debug|Win32
		{8224CB09-3C73-4B3D-A8B0-108ED0BA14CF}.Debug|Win32.Build.0 = Debug|Win32
		{8224CB09-3C73-4B3D-A8B0-108ED0BA14CF}.Release|Win32.ActiveCfg = Release|Win32
		{8224CB09-3C73-4B3D-A8B0-108ED0BA14CF}.Release|Win32.Build.0 = Release|Win32
		{16031917-9A3F-4F72-9CEE-A2BE26E7668B}.Debug|Win32.ActiveCfg = Debug|Win32
		{16031917-9A3F-4F72-9CEE-A2BE26E7668B}.Debug|Win32.Build.0 = Debug|Win32
		{16031917-9A3F-4F72-9CEE-A2BE26E7668B}.Release|Win32.ActiveCfg = Release|Win32
		{16031917-9A3F-4F72-9CEE-A2BE26E7668B}.Release|Win32.Build.0 = Release|Win32
		{6516D4A5-AFD3-4B15-B2AC-2B700C482DD5}.Debug|Win32.ActiveCfg = Debug|Win32
		{6516D4A5-AFD3-4B15-B2AC-2B700C482DD5}.Debug|Win32.Build.0 = Debug|Win32
		{6516D4A5-AFD3-4B15-B2AC-2B700C482DD5}.Release|Win32.ActiveCfg = Release|Win32
		{6516D4A5-AFD3-4B15-B2AC-2B700C482DD5}.Release|Win32.Build.0 = Release|Win32
		{EAE95234-0ED5-4452-BAB0-B5232525EC98}.Debug|Win32.ActiveCfg = Debug|Win32
		{EAE95234-0ED5-4452-BAB0-B5232525EC98}.Debug|Win32.Build.0 = Debug|Win32
		{EAE95234-0ED5-4452-BAB0-B5232525EC98}.Release|Win32.ActiveCfg = Release|Win32
		{EAE95234-0ED5-4452-BAB0-B5232525EC98}.Release|Win32.Build.0 = Release|Win32
		{CC88A965-E41D-480E-AFFD-437C44C872AF}.Debug|Win32.ActiveCfg = Debug|Win32
		{CC88A965-E41D-480E-AFFD-437C44C872AF}.Debug|Win32.Build.0 = Debug|Win32
		{CC88A965-E41D-480E-AFFD-437C44C872AF}.Release|Win32.ActiveCfg = Release|Win32
		{CC88A965-E41D-480E-AFFD-437C44C872AF}.Release|Win32.Build.0 = Release|Win32
		{55D07A3C-2CF6-4397-88F4-BA806F01C7F6}.Debug|Win32.ActiveCfg = Debug|Win32
		{55D07A3C-2CF6-4397-88F4-BA806F01C7F6}.Debug|Win32.Build.0 = Debug|Win32
		{55D07A3C-2CF6-4397-88F4-BA806F01C7F6}.Release|Win32.ActiveCfg = Release|Win32
		{55D07A3C-2CF6-4397-88F4-BA806F01C7F6}.Release|Win32.Build.0 = Release|Win32
		{A4A692F9-14F0-4D47-89EF-4E228504EA18}.Debug|Win32.ActiveCfg = Debug|Win32
		{A4A692F9-14F0-4D47-89EF-4E228504EA18}.Debug|Win32.Build.0 = Debug|Win32
		{A4A692F9-14F0-4D47-89EF-4E228504EA18}.Release|Win32.ActiveCfg = Release|Win32
		{A4A692F9-14F0-4D47-89EF-4E228504EA18}.Release|Win32.Build.0 = Release|Win32
		{AB6D8B3E-4E43-4862-A454-BD6E3C141AA6}.Debug|Win32.ActiveCfg = Debug|Win32
		{AB6D8B3E-4E43-4862-A454-BD6E3C141AA6}.Debug|Win32.Build.0 = Debug|Win32
		{AB6D8B3E-4E43-4862-A454-BD6E3C141AA6}.Release|Win32.ActiveCfg = Release|Win32
		{AB6D8B3E-4E43-4862-A454-BD6E3C141AA6}.Release|Win32.Build.0 = Release|Win32
		{7EB1F4CE-6BB2-4616-8D8B-5AF3395D5986}.Debug|Win32.ActiveCfg = Debug|Win32
		{7EB1F4CE-6BB2-4616-8D8B-5AF3395D5986}.Debug|Win32.Build.0 = Debug|Win32
		{7EB1F4CE-6BB2-4616-8D8B-5AF3395D5986}.Release|Win32.ActiveCfg = Release|Win32
		{7EB1F4CE-6BB2-4616-8D8B-5AF3395D5986}.Release|Win32.Build.0 = Release|Win32
		{90737544-F413-4404-9B23-61C8ED4B9105}.Debug|Win32.ActiveCfg = Debug|Win32
		{90737544-F413-4404-9B23-61C8ED4B9105}.Debug|Win32.Build.0 = Debug|Win32
		{90737544-F413-4404-9B23-61C8ED4B9105}.Release|Win32.ActiveCfg = Release|Win32
		{90737544-F413-4404-9B23-61C8ED4B9105}.Release|Win32.Build.0 = Release|Win32
		{9153B18E-C11B-4DBA-9B45-630F4A7B6C10}.Debug|Win32.ActiveCfg = Debug|Win32
		{9153B18E-C11B-4DBA-9B45-630F4A7B6C10}.Debug|Win32.Build.0 = Debug|Win32
		{9153B18E-C11B-4DBA-9B45-630F4A7B6C10}.Release|Win32.ActiveCfg = Release|Win32
		{9153B18E-C11B-4DBA-9B45-630F4A7B6C10}.Release|Win32.Build.0 = Release|Win32
		{74B3F022-2F75-4B73-8B76-B68AEF0CAF29}.Debug|Win32.ActiveCfg = Debug|Win32
		{74B3F022-2F75-4B73-8B76-B68AEF0CAF29}.Debug|Win32.Build.0 = Debug|Win32
		{74B3F022-2F75-4B73-8B76-B68AEF0CAF29}.Release|Win32.ActiveCfg = Release|Win32
		{74B3F022-2F75-4B73-8B76-B68AEF0CAF29}.Release|Win32.Build.0 = Release|Win32
		{D47EA44E-DFF9-41CF-A0F4-076CA11D7FC5}.Debug|Win32.ActiveCfg = Debug|Win32
		{D47EA44E-DFF9-41CF-A0F4-076CA11D7FC5}.Release|Win32.ActiveCfg = Release|Win32
		{D47EA44E-DFF9-41CF-A0F4-076CA11D7FC5}.Release|Win32.Build.0 = Release|Win32
		{9153B18E-C12B-4DBA-9B45-630F4A7B6C10}.Debug|Win32.ActiveCfg = Debug|Win32
		{9153B18E-C12B-4DBA-9B45-630F4A7B6C10}.Debug|Win32.Build.0 = Debug|Win32
		{9153B18E-C12B-4DBA-9B45-630F4A7B6C10}.Release|Win32.ActiveCfg = Release|Win32
		{9153B18E-C12B-4DBA-9B45-630F4A7B6C10}.Release|Win32.Build.0 = Release|Win32
		{4C935DFE-67C9-4687-9385-B0E330BD64AF}.Debug|Win32.ActiveCfg = Debug|Win32
		{4C935DFE-67C9-4687-9385-B0E330BD64AF}.Debug|Win32.Build.0 = Debug|Win32
		{4C935DFE-67C9-4687-9385-B0E330BD64AF}.Release|Win32.ActiveCfg = Release|Win32
		{4C935DFE-67C9-4687-9385-B0E330BD64AF}.Release|Win32.Build.0 = Release|Win32
		{1B3995EA-3039-4F37-BC61-FF35D3638EE1}.Debug|Win32.ActiveCfg = Debug|Win32
		{1B3995EA-3039-4F37-BC61-FF35D3638EE1}.Debug|Win32.Build.0 = Debug|Win32
		{1B3995EA-3039-4F37-BC61-FF35D3638EE1}.Release|Win32.ActiveCfg = Release|Win32
		{1B3995EA-3039-4F37-BC61-FF35D3638EE1}.Release|Win32.Build.0 = Release|Win32
		{8D2B41CD-5D36-4E28-99D5-76B69E0FA46B}.Debug|Win32.ActiveCfg = Debug|Win32
		{8D2B41CD-5D36-4E28-99D5-76B69E0FA46B}.Debug|Win32.Build.0 = Debug|Win32
		{8D2B41CD-5D36-4E28-99D5-76B69E0FA46B}.Release|Win32.ActiveCfg = Release|Win32
		{8D2B41CD-5D36-4E28-99D5-76B69E0FA46B}.Release|Win32.Build.0 = Release|Win32
		{459BF239-2518-4117-B98F-9598206E7E27}.Debug|Win32.ActiveCfg = Debug|Win32
		{459BF239-2518-4117-B98F-9598206E7E27}.Debug|Win32.Build.0 = Debug|Win32
		{459BF239-2518-4117-B98F-9598206E7E27}.Release|Win32.ActiveCfg = Release|Win32
		{459BF239-2518-4117-B98F-9598206E7E27}.Release|Win32.Build.0 = Release|Win32
		{DF96DE19-EC5F-48B3-9759-4B034128D55A}.Debug|Win32.ActiveCfg = Debug|Win32
		{DF96DE19-EC5F-48B3-9759-4B034128D55A}.Debug|Win32.Build.0 = Debug|Win32
		{DF96DE19-EC5F-48B3-9759-4B034128D55A}.Release|Win32.ActiveCfg = Release|Win32
		{DF96DE19-EC5F-48B3-9759-4B034128D55A}.Release|Win32.Build.0 = Release|Win32
		{7E58DED7-2DE4-4E3C-935B-A531040F0A67}.Debug|Win32.ActiveCfg = Debug|Win32
		{7E58DED7-2DE4-4E3C-935B-A531040F0A67}.Debug|Win32.Build.0 = Debug|Win32
		{7E58DED7-2DE4-4E3C-935B-A531040F0A67}.Release|Win32.ActiveCfg = Release|Win32
		{7E58DED7-2DE4-4E3C-935B-A531040F0A67}.Release|Win32.Build.0 = Release|Win32
		{6DD74F37-75CC-4CFA-8E65-723DF3151D3C}.Debug|Win32.ActiveCfg = Debug|Win32
		{6DD74F37-75CC-4CFA-8E65-723DF3151D3C}.Debug|Win32.Build.0 = Debug|Win32
		{6DD74F37-75CC-4CFA-8E65-723DF3151D3C}.Release|Win32.ActiveCfg = Release|Win32
		{6DD74F37-75CC-4CFA-8E65-723DF3151D3C}.Release|Win32.Build.0 = Release|Win32
		{F0471FAC-916C-4320-9C8E-EFEF85B5B61E}.Debug|Win32.ActiveCfg = Debug|Win32
		{F0471FAC-916C-4320-9C8E-EFEF85B5B61E}.Debug|Win32.Build.0 = Debug|Win32
		{F0471FAC-916C-4320-9C8E-EFEF85B5B61E}.Release|Win32.ActiveCfg = Release|Win32
		{F0471FAC-916C-4320-9C8E-EFEF85B5B61E}.Release|Win32.Build.0 = Release|Win32
		{6D602845-89EA-4462-918B-63F7A4B38825}.Debug|Win32.ActiveCfg = Release|Win32
		{6D602845-89EA-4462-918B-63F7A4B38825}.Debug|Win32.Build.0 = Release|Win32
		{6D602845-89EA-4462-918B-63F7A4B38825}.Release|Win32.ActiveCfg = Release|Win32
		{6D602845-89EA-4462-918B-63F7A4B38825}.Release|Win32.Build.0 = Release|Win32
		{D91DB8B1-2528-4853-885C-3D50BE585857}.Debug|Win32.ActiveCfg = Debug|Win32
		{D91DB8B1-2528-4853-885C-3D50BE585857}.Debug|Win32.Build.0 = Debug|Win32
		{D91DB8B1-2528-4853-885C-3D50BE585857}.Release|Win32.ActiveCfg = Release|Win32
		{D91DB8B1-2528-4853-885C-3D50BE585857}.Release|Win32.Build.0 = Release|Win32
		{83F47FE5-9355-4A76-BA49-B480AD5C384E}.Debug|Win32.ActiveCfg = Debug|Win32
		{83F47FE5-9355-4A76-BA49-B480AD5C384E}.Debug|Win32.Build.0 = Debug|Win32
		{83F47FE5-9355-4A76-BA49-B480AD5C384E}.Release|Win32.ActiveCfg = Release|Win32
		{83F47FE5-9355-4A76-BA49-B480AD5C384E}.Release|Win32.Build.0 = Release|Win32
		{DC74D029-6954-4CEC-945E-4CD73165F6DF}.Debug|Win32.ActiveCfg = Debug|Win32
		{DC74D029-6954-4CEC-945E-4CD73165F6DF}.Debug|Win32.Build.0 = Debug|Win32
		{DC74D029-6954-4CEC-945E-4CD73165F6DF}.Release|Win32.ActiveCfg = Release|Win32
		{DC74D029-6954-4CEC-945E-4CD73165F6DF}.Release|Win32.Build.0 = Release|Win32
		{C736ACD6-7634-42EE-82F8-16444C4E94C4}.Debug|Win32.ActiveCfg = Debug|Win32
		{C736ACD6-7634-42EE-82F8-16444C4E94C4}.Debug|Win32.Build.0 = Debug|Win32
		{C736ACD6-7634-42EE-82F8-16444C4E94C4}.Release|Win32.ActiveCfg = Release|Win32
		{C736ACD6-7634-42EE-82F8-16444C4E94C4}.Release|Win32.Build.0 = Release|Win32
		{D60A37E9-5CF0-4236-AAC6-62B9AC872D1F}.Debug|Win32.ActiveCfg = Debug|Win32
		{D60A37E9-5CF0-4236-AAC6-62B9AC872D1F}.Release|Win32.ActiveCfg = Release|Win32
		{A2B851D3-EBDD-4053-AF15-392A0695AACE}.Debug|Win32.ActiveCfg = Debug|Win32
		{A2B851D3-EBDD-4053-AF15-392A0695AACE}.Release|Win32.ActiveCfg = Release|Win32
		{A2B851D3-EBDD-4053-AF15-392A0695AACE}.Release|Win32.Build.0 = Release|Win32
		{C57F9773-C961-442F-9CDE-D35BC056F78B}.Debug|Win32.ActiveCfg = Debug|Win32
		{C57F9773-C961-442F-9CDE-D35BC056F78B}.Debug|Win32.Build.0 = Debug|Win32
		{C57F9773-C961-442F-9CDE-D35BC056F78B}.Release|Win32.ActiveCfg = Release|Win32
		{C57F9773-C961-442F-9CDE-D35BC056F78B}.Release|Win32.Build.0 = Release|Win32
		{ED4C0F98-7D3A-4FD1-89E9-40E192BBEA40}.Debug|Win32.ActiveCfg = Debug|Win32
		{ED4C0F98-7D3A-4FD1-89E9-40E192BBEA40}.Debug|Win32.Build.0 = Debug|Win32
		{ED4C0F98-7D3A-4FD1-89E9-40E192BBEA40}.Release|Win32.ActiveCfg = Release|Win32
		{ED4C0F98-7D3A-4FD1-89E9-40E192BBEA40}.Release|Win32.Build.0 = Release|Win32
		{36A3F778-7DD2-4036-9E4A-B5ABE0AE28F4}.Debug|Win32.ActiveCfg = Debug|Win32
		{36A3F778-7DD2-4036-9E4A-B5ABE0AE28F4}.Debug|Win32.Build.0 = Debug|Win32
		{36A3F778-7DD2-4036-9E4A-B5ABE0AE28F4}.Release|Win32.ActiveCfg = Release|Win32
		{36A3F778-7DD2-4036-9E4A-B5ABE0AE28F4}.Release|Win32.Build.0 = Release|Win32
		{EAA84D37-138C-44AC-A6CE-226936701143}.Debug|Win32.ActiveCfg = Debug|Win32
		{EAA84D37-138C-44AC-A6CE-226936701143}.Debug|Win32.Build.0 = Debug|Win32
		{EAA84D37-138C-44AC-A6CE-226936701143}.Release|Win32.ActiveCfg = Release|Win32
		{CFC72C78-4108-4529-A3C5-E99C4A25016A}.Debug|Win32.ActiveCfg = Debug|Win32
		{CFC72C78-4108-4529-A3C5-E99C4A25016A}.Debug|Win32.Build.0 = Debug|Win32
		{CFC72C78-4108-4529-A3C5-E99C4A25016A}.Release|Win32.ActiveCfg = Release|Win32
		{CFC72C78-4108-4529-A3C5-E99C4A25016A}.Release|Win32.Build.0 = Release|Win32
		{4B71168D-9EA6-4360-AE6C-810E7D8C04B9}.Debug|Win32.ActiveCfg = Debug|Win32
		{4B71168D-9EA6-4360-AE6C-810E7D8C04B9}.Debug|Win32.Build.0 = Debug|Win32
		{4B71168D-9EA6-4360-AE6C-810E7D8C04B9}.Release|Win32.ActiveCfg = Release|Win32
		{4B71168D-9EA6-4360-AE6C-810E7D8C04B9}.Release|Win32.Build.0 = Release|Win32
		{E8E8AFD1-55A2-424F-9A7F-0F7A0B373E2F}.Debug|Win32.ActiveCfg = Debug|Win32
		{E8E8AFD1-55A2-424F-9A7F-0F7A0B373E2F}.Debug|Win32.Build.0 = Debug|Win32
		{E8E8AFD1-55A2-424F-9A7F-0F7A0B373E2F}.Release|Win32.ActiveCfg = Release|Win32
	EndGlobalSection
	GlobalSection(SolutionProperties) = preSolution
		HideSolutionNode = FALSE
	EndGlobalSection
EndGlobal
